
Microsoft Visual Studio Solution File, Format Version 12.00
# Visual Studio Version 16
VisualStudioVersion = 16.0.28606.126
MinimumVisualStudioVersion = 10.0.40219.1
Project("{9A19103F-16F7-4668-BE54-9A1E7A4F7556}") = "Service", "Service\Service.csproj", "{F3E332E5-6A98-4452-ADEF-30B58BED67FA}"
EndProject
Project("{9A19103F-16F7-4668-BE54-9A1E7A4F7556}") = "Service.Core", "Service.Core\Service.Core.csproj", "{DAFDFA2D-7021-491D-BC6C-9B93BD17A606}"
EndProject
Global
	GlobalSection(SolutionConfigurationPlatforms) = preSolution
		Debug|Any CPU = Debug|Any CPU
		Release|Any CPU = Release|Any CPU
	EndGlobalSection
	GlobalSection(ProjectConfigurationPlatforms) = postSolution
		{F3E332E5-6A98-4452-ADEF-30B58BED67FA}.Debug|Any CPU.ActiveCfg = Debug|Any CPU
		{F3E332E5-6A98-4452-ADEF-30B58BED67FA}.Debug|Any CPU.Build.0 = Debug|Any CPU
		{F3E332E5-6A98-4452-ADEF-30B58BED67FA}.Release|Any CPU.ActiveCfg = Release|Any CPU
		{F3E332E5-6A98-4452-ADEF-30B58BED67FA}.Release|Any CPU.Build.0 = Release|Any CPU
		{DAFDFA2D-7021-491D-BC6C-9B93BD17A606}.Debug|Any CPU.ActiveCfg = Debug|Any CPU
		{DAFDFA2D-7021-491D-BC6C-9B93BD17A606}.Debug|Any CPU.Build.0 = Debug|Any CPU
		{DAFDFA2D-7021-491D-BC6C-9B93BD17A606}.Release|Any CPU.ActiveCfg = Release|Any CPU
		{DAFDFA2D-7021-491D-BC6C-9B93BD17A606}.Release|Any CPU.Build.0 = Release|Any CPU
	EndGlobalSection
	GlobalSection(SolutionProperties) = preSolution
		HideSolutionNode = FALSE
	EndGlobalSection
	GlobalSection(ExtensibilityGlobals) = postSolution
		SolutionGuid = {14F94104-9085-4FBA-A4F8-F6041AF96B57}
	EndGlobalSection
EndGlobal
