
Microsoft Visual Studio Solution File, Format Version 12.00
# Visual Studio Version 16
VisualStudioVersion = 16.0.28407.52
MinimumVisualStudioVersion = 10.0.40219.1
Project("{FAE04EC0-301F-11D3-BF4B-00C04F79EFBC}") = "Backup.Core", "Backup.Core\Backup.Core.csproj", "{029C951B-EC83-4EA1-9260-186136C61D44}"
EndProject
Project("{2150E333-8FDC-42A3-9474-1A3956D46DE8}") = "Services", "Services", "{24206BFB-89C3-4DA8-97D8-2D1ED6C8B378}"
EndProject
Project("{2150E333-8FDC-42A3-9474-1A3956D46DE8}") = "LocalBackup", "LocalBackup", "{74067EFC-D045-4BD3-ACF8-E5C491694CD4}"
EndProject
Project("{2150E333-8FDC-42A3-9474-1A3956D46DE8}") = "Storage", "Storage", "{9BEE36B7-806A-4C07-A4D5-F46F17E1A700}"
EndProject
Project("{2150E333-8FDC-42A3-9474-1A3956D46DE8}") = "Retention", "Retention", "{D6990104-F86B-47D8-B19B-C9BA0643C75B}"
EndProject
Project("{FAE04EC0-301F-11D3-BF4B-00C04F79EFBC}") = "LocalStorage", "LocalStorage\LocalStorage.csproj", "{91C6BB6A-27DF-4E6C-B549-CBE8236A67C6}"
EndProject
Project("{FAE04EC0-301F-11D3-BF4B-00C04F79EFBC}") = "LocalRetention", "LocalRetention\LocalRetention.csproj", "{0598C3F7-C44A-483A-B345-BD98EB1F0721}"
EndProject
Project("{FAE04EC0-301F-11D3-BF4B-00C04F79EFBC}") = "LocalRetentionPolicy", "LocalRetentionPolicy\LocalRetentionPolicy.csproj", "{BC72B339-753C-4EFA-B515-A991006BAEC2}"
EndProject
Project("{2150E333-8FDC-42A3-9474-1A3956D46DE8}") = "Backup", "Backup", "{CC426DBF-AB87-4D55-A942-BD1C8E3FC7AC}"
EndProject
Project("{FAE04EC0-301F-11D3-BF4B-00C04F79EFBC}") = "LocalBackup", "LocalBackup\LocalBackup.csproj", "{D2ACE805-B4E1-4EE1-9209-CEC27DCB536E}"
EndProject
Project("{FAE04EC0-301F-11D3-BF4B-00C04F79EFBC}") = "LocalBackupPolicy", "LocalBackupPolicy\LocalBackupPolicy.csproj", "{9ECB00DC-307D-40D2-A50D-09CA1B25E20A}"
EndProject
Project("{FAE04EC0-301F-11D3-BF4B-00C04F79EFBC}") = "Backup.Service", "Backup.Service\Backup.Service.csproj", "{91B93AEE-0D28-4D85-836E-960EE317F5E0}"
EndProject
Project("{FAE04EC0-301F-11D3-BF4B-00C04F79EFBC}") = "Retention.Service", "Retention.Service\Retention.Service.csproj", "{3CE8E5C4-C25C-46DD-914D-4AB8519C321B}"
EndProject
Project("{2150E333-8FDC-42A3-9474-1A3956D46DE8}") = "Test", "Test", "{16FBEEC5-2621-4F8E-BC60-79E33B4FECEA}"
EndProject
Project("{FAE04EC0-301F-11D3-BF4B-00C04F79EFBC}") = "UnitTests", "UnitTests\UnitTests.csproj", "{477619AA-03FF-4F51-A4E6-23310C610E6A}"
EndProject
Global
	GlobalSection(SolutionConfigurationPlatforms) = preSolution
		Debug|Any CPU = Debug|Any CPU
		Release|Any CPU = Release|Any CPU
	EndGlobalSection
	GlobalSection(ProjectConfigurationPlatforms) = postSolution
		{029C951B-EC83-4EA1-9260-186136C61D44}.Debug|Any CPU.ActiveCfg = Debug|Any CPU
		{029C951B-EC83-4EA1-9260-186136C61D44}.Debug|Any CPU.Build.0 = Debug|Any CPU
		{029C951B-EC83-4EA1-9260-186136C61D44}.Release|Any CPU.ActiveCfg = Release|Any CPU
		{029C951B-EC83-4EA1-9260-186136C61D44}.Release|Any CPU.Build.0 = Release|Any CPU
		{91C6BB6A-27DF-4E6C-B549-CBE8236A67C6}.Debug|Any CPU.ActiveCfg = Debug|Any CPU
		{91C6BB6A-27DF-4E6C-B549-CBE8236A67C6}.Debug|Any CPU.Build.0 = Debug|Any CPU
		{91C6BB6A-27DF-4E6C-B549-CBE8236A67C6}.Release|Any CPU.ActiveCfg = Release|Any CPU
		{91C6BB6A-27DF-4E6C-B549-CBE8236A67C6}.Release|Any CPU.Build.0 = Release|Any CPU
		{0598C3F7-C44A-483A-B345-BD98EB1F0721}.Debug|Any CPU.ActiveCfg = Debug|Any CPU
		{0598C3F7-C44A-483A-B345-BD98EB1F0721}.Debug|Any CPU.Build.0 = Debug|Any CPU
		{0598C3F7-C44A-483A-B345-BD98EB1F0721}.Release|Any CPU.ActiveCfg = Release|Any CPU
		{0598C3F7-C44A-483A-B345-BD98EB1F0721}.Release|Any CPU.Build.0 = Release|Any CPU
		{BC72B339-753C-4EFA-B515-A991006BAEC2}.Debug|Any CPU.ActiveCfg = Debug|Any CPU
		{BC72B339-753C-4EFA-B515-A991006BAEC2}.Debug|Any CPU.Build.0 = Debug|Any CPU
		{BC72B339-753C-4EFA-B515-A991006BAEC2}.Release|Any CPU.ActiveCfg = Release|Any CPU
		{BC72B339-753C-4EFA-B515-A991006BAEC2}.Release|Any CPU.Build.0 = Release|Any CPU
		{D2ACE805-B4E1-4EE1-9209-CEC27DCB536E}.Debug|Any CPU.ActiveCfg = Debug|Any CPU
		{D2ACE805-B4E1-4EE1-9209-CEC27DCB536E}.Debug|Any CPU.Build.0 = Debug|Any CPU
		{D2ACE805-B4E1-4EE1-9209-CEC27DCB536E}.Release|Any CPU.ActiveCfg = Release|Any CPU
		{D2ACE805-B4E1-4EE1-9209-CEC27DCB536E}.Release|Any CPU.Build.0 = Release|Any CPU
		{9ECB00DC-307D-40D2-A50D-09CA1B25E20A}.Debug|Any CPU.ActiveCfg = Debug|Any CPU
		{9ECB00DC-307D-40D2-A50D-09CA1B25E20A}.Debug|Any CPU.Build.0 = Debug|Any CPU
		{9ECB00DC-307D-40D2-A50D-09CA1B25E20A}.Release|Any CPU.ActiveCfg = Release|Any CPU
		{9ECB00DC-307D-40D2-A50D-09CA1B25E20A}.Release|Any CPU.Build.0 = Release|Any CPU
		{91B93AEE-0D28-4D85-836E-960EE317F5E0}.Debug|Any CPU.ActiveCfg = Debug|Any CPU
		{91B93AEE-0D28-4D85-836E-960EE317F5E0}.Debug|Any CPU.Build.0 = Debug|Any CPU
		{91B93AEE-0D28-4D85-836E-960EE317F5E0}.Release|Any CPU.ActiveCfg = Release|Any CPU
		{91B93AEE-0D28-4D85-836E-960EE317F5E0}.Release|Any CPU.Build.0 = Release|Any CPU
		{3CE8E5C4-C25C-46DD-914D-4AB8519C321B}.Debug|Any CPU.ActiveCfg = Debug|Any CPU
		{3CE8E5C4-C25C-46DD-914D-4AB8519C321B}.Debug|Any CPU.Build.0 = Debug|Any CPU
		{3CE8E5C4-C25C-46DD-914D-4AB8519C321B}.Release|Any CPU.ActiveCfg = Release|Any CPU
		{3CE8E5C4-C25C-46DD-914D-4AB8519C321B}.Release|Any CPU.Build.0 = Release|Any CPU
		{477619AA-03FF-4F51-A4E6-23310C610E6A}.Debug|Any CPU.ActiveCfg = Debug|Any CPU
		{477619AA-03FF-4F51-A4E6-23310C610E6A}.Debug|Any CPU.Build.0 = Debug|Any CPU
		{477619AA-03FF-4F51-A4E6-23310C610E6A}.Release|Any CPU.ActiveCfg = Release|Any CPU
		{477619AA-03FF-4F51-A4E6-23310C610E6A}.Release|Any CPU.Build.0 = Release|Any CPU
	EndGlobalSection
	GlobalSection(SolutionProperties) = preSolution
		HideSolutionNode = FALSE
	EndGlobalSection
	GlobalSection(NestedProjects) = preSolution
		{9BEE36B7-806A-4C07-A4D5-F46F17E1A700} = {74067EFC-D045-4BD3-ACF8-E5C491694CD4}
		{D6990104-F86B-47D8-B19B-C9BA0643C75B} = {74067EFC-D045-4BD3-ACF8-E5C491694CD4}
		{91C6BB6A-27DF-4E6C-B549-CBE8236A67C6} = {9BEE36B7-806A-4C07-A4D5-F46F17E1A700}
		{0598C3F7-C44A-483A-B345-BD98EB1F0721} = {D6990104-F86B-47D8-B19B-C9BA0643C75B}
		{BC72B339-753C-4EFA-B515-A991006BAEC2} = {D6990104-F86B-47D8-B19B-C9BA0643C75B}
		{CC426DBF-AB87-4D55-A942-BD1C8E3FC7AC} = {74067EFC-D045-4BD3-ACF8-E5C491694CD4}
		{D2ACE805-B4E1-4EE1-9209-CEC27DCB536E} = {CC426DBF-AB87-4D55-A942-BD1C8E3FC7AC}
		{9ECB00DC-307D-40D2-A50D-09CA1B25E20A} = {CC426DBF-AB87-4D55-A942-BD1C8E3FC7AC}
		{91B93AEE-0D28-4D85-836E-960EE317F5E0} = {24206BFB-89C3-4DA8-97D8-2D1ED6C8B378}
		{3CE8E5C4-C25C-46DD-914D-4AB8519C321B} = {24206BFB-89C3-4DA8-97D8-2D1ED6C8B378}
		{477619AA-03FF-4F51-A4E6-23310C610E6A} = {16FBEEC5-2621-4F8E-BC60-79E33B4FECEA}
	EndGlobalSection
	GlobalSection(ExtensibilityGlobals) = postSolution
		SolutionGuid = {D7B24492-F56C-4926-A452-8FFE74F594D1}
	EndGlobalSection
EndGlobal
