
Microsoft Visual Studio Solution File, Format Version 12.00
# Visual Studio Version 16
VisualStudioVersion = 16.0.28531.58
MinimumVisualStudioVersion = 10.0.40219.1
Project("{2150E333-8FDC-42A3-9474-1A3956D46DE8}") = "Service", "Service", "{C597D10E-2864-403C-B042-DFEBC98F7256}"
EndProject
Project("{FAE04EC0-301F-11D3-BF4B-00C04F79EFBC}") = "PhoneBookService.REST", "PhoneBookService.REST\PhoneBookService.REST.csproj", "{78D19396-B881-4BB4-9EDF-6951CCECBD16}"
EndProject
Global
	GlobalSection(SolutionConfigurationPlatforms) = preSolution
		Debug|Any CPU = Debug|Any CPU
		Release|Any CPU = Release|Any CPU
	EndGlobalSection
	GlobalSection(ProjectConfigurationPlatforms) = postSolution
		{78D19396-B881-4BB4-9EDF-6951CCECBD16}.Debug|Any CPU.ActiveCfg = Debug|Any CPU
		{78D19396-B881-4BB4-9EDF-6951CCECBD16}.Debug|Any CPU.Build.0 = Debug|Any CPU
		{78D19396-B881-4BB4-9EDF-6951CCECBD16}.Release|Any CPU.ActiveCfg = Release|Any CPU
		{78D19396-B881-4BB4-9EDF-6951CCECBD16}.Release|Any CPU.Build.0 = Release|Any CPU
	EndGlobalSection
	GlobalSection(SolutionProperties) = preSolution
		HideSolutionNode = FALSE
	EndGlobalSection
	GlobalSection(NestedProjects) = preSolution
		{78D19396-B881-4BB4-9EDF-6951CCECBD16} = {C597D10E-2864-403C-B042-DFEBC98F7256}
	EndGlobalSection
	GlobalSection(ExtensibilityGlobals) = postSolution
		SolutionGuid = {BC14E1DB-E363-4926-8BFD-BA99AFCAFDEB}
	EndGlobalSection
EndGlobal
